{
  "pins" : [
    {
      "identity" : "data-flow",
      "kind" : "remoteSourceControl",
      "location" : "https://github.com/miejoy/data-flow.git",
      "state" : {
        "branch" : "main",
        "revision" : "f7ee5ce04d8f88aceb5caab316f4aa3725b1b3dc"
      }
    },
    {
      "identity" : "view-flow",
      "kind" : "remoteSourceControl",
      "location" : "https://github.com/miejoy/view-flow.git",
      "state" : {
        "branch" : "main",
        "revision" : "ebb5656e353d33dd12adca2d3f77a2646cd57b61"
      }
    }
  ],
  "version" : 2
}
