{
  "pins" : [
    {
      "identity" : "data-flow",
      "kind" : "remoteSourceControl",
      "location" : "https://github.com/miejoy/data-flow.git",
      "state" : {
        "branch" : "main",
        "revision" : "ad2f4bbc7513ab4fce4f2d9f702b2262a718a0b0"
      }
    },
    {
      "identity" : "view-flow",
      "kind" : "remoteSourceControl",
      "location" : "https://github.com/miejoy/view-flow.git",
      "state" : {
        "branch" : "main",
        "revision" : "d52361c0d7bc18677195eeac052b5cca7f0c4469"
      }
    }
  ],
  "version" : 2
}
